// !$*UTF8*$!
{
	archiveVersion = 1;
	classes = {
	};
	objectVersion = 56;
	objects = {

/* Begin PBXBuildFile section */
		430743D12B9BE5280070FBDC /* PM5App.swift in Sources */ = {isa = PBXBuildFile; fileRef = 430743D02B9BE5280070FBDC /* PM5App.swift */; };
		430743D32B9BE5280070FBDC /* ContentView.swift in Sources */ = {isa = PBXBuildFile; fileRef = 430743D22B9BE5280070FBDC /* ContentView.swift */; };
		430743D52B9BE5280070FBDC /* Model.swift in Sources */ = {isa = PBXBuildFile; fileRef = 430743D42B9BE5280070FBDC /* Model.swift */; };
		430743D72B9BE5290070FBDC /* Assets.xcassets in Resources */ = {isa = PBXBuildFile; fileRef = 430743D62B9BE5290070FBDC /* Assets.xcassets */; };
		430743DA2B9BE5290070FBDC /* Preview Assets.xcassets in Resources */ = {isa = PBXBuildFile; fileRef = 430743D92B9BE5290070FBDC /* Preview Assets.xcassets */; };
		430743E22B9BE58C0070FBDC /* Utility.swift in Sources */ = {isa = PBXBuildFile; fileRef = 430743E12B9BE58C0070FBDC /* Utility.swift */; };
		430743E42B9BE5B80070FBDC /* InitiativeDetailView.swift in Sources */ = {isa = PBXBuildFile; fileRef = 430743E32B9BE5B80070FBDC /* InitiativeDetailView.swift */; };
		430743E62B9BE5CC0070FBDC /* InitiativeView.swift in Sources */ = {isa = PBXBuildFile; fileRef = 430743E52B9BE5CC0070FBDC /* InitiativeView.swift */; };
		430743E82B9BE5E70070FBDC /* TaskView.swift in Sources */ = {isa = PBXBuildFile; fileRef = 430743E72B9BE5E70070FBDC /* TaskView.swift */; };
		430743EA2B9BE5FB0070FBDC /* NoteView.swift in Sources */ = {isa = PBXBuildFile; fileRef = 430743E92B9BE5FB0070FBDC /* NoteView.swift */; };
		430743EC2B9BE6100070FBDC /* LinkView.swift in Sources */ = {isa = PBXBuildFile; fileRef = 430743EB2B9BE6100070FBDC /* LinkView.swift */; };
/* End PBXBuildFile section */

/* Begin PBXFileReference section */
		430743CD2B9BE5280070FBDC /* PM5.app */ = {isa = PBXFileReference; explicitFileType = wrapper.application; includeInIndex = 0; path = PM5.app; sourceTree = BUILT_PRODUCTS_DIR; };
		430743D02B9BE5280070FBDC /* PM5App.swift */ = {isa = PBXFileReference; lastKnownFileType = sourcecode.swift; path = PM5App.swift; sourceTree = "<group>"; };
		430743D22B9BE5280070FBDC /* ContentView.swift */ = {isa = PBXFileReference; lastKnownFileType = sourcecode.swift; path = ContentView.swift; sourceTree = "<group>"; };
		430743D42B9BE5280070FBDC /* Model.swift */ = {isa = PBXFileReference; lastKnownFileType = sourcecode.swift; path = Model.swift; sourceTree = "<group>"; };
		430743D62B9BE5290070FBDC /* Assets.xcassets */ = {isa = PBXFileReference; lastKnownFileType = folder.assetcatalog; path = Assets.xcassets; sourceTree = "<group>"; };
		430743D92B9BE5290070FBDC /* Preview Assets.xcassets */ = {isa = PBXFileReference; lastKnownFileType = folder.assetcatalog; path = "Preview Assets.xcassets"; sourceTree = "<group>"; };
		430743E12B9BE58C0070FBDC /* Utility.swift */ = {isa = PBXFileReference; lastKnownFileType = sourcecode.swift; path = Utility.swift; sourceTree = "<group>"; };
		430743E32B9BE5B80070FBDC /* InitiativeDetailView.swift */ = {isa = PBXFileReference; lastKnownFileType = sourcecode.swift; path = InitiativeDetailView.swift; sourceTree = "<group>"; };
		430743E52B9BE5CC0070FBDC /* InitiativeView.swift */ = {isa = PBXFileReference; lastKnownFileType = sourcecode.swift; path = InitiativeView.swift; sourceTree = "<group>"; };
		430743E72B9BE5E70070FBDC /* TaskView.swift */ = {isa = PBXFileReference; lastKnownFileType = sourcecode.swift; path = TaskView.swift; sourceTree = "<group>"; };
		430743E92B9BE5FB0070FBDC /* NoteView.swift */ = {isa = PBXFileReference; lastKnownFileType = sourcecode.swift; path = NoteView.swift; sourceTree = "<group>"; };
		430743EB2B9BE6100070FBDC /* LinkView.swift */ = {isa = PBXFileReference; lastKnownFileType = sourcecode.swift; path = LinkView.swift; sourceTree = "<group>"; };
		4367FCE62B9BF8B200AF22F1 /* PM5.entitlements */ = {isa = PBXFileReference; lastKnownFileType = text.plist.entitlements; path = PM5.entitlements; sourceTree = "<group>"; };
/* End PBXFileReference section */

/* Begin PBXFrameworksBuildPhase section */
		430743CA2B9BE5280070FBDC /* Frameworks */ = {
			isa = PBXFrameworksBuildPhase;
			buildActionMask = 2147483647;
			files = (
			);
			runOnlyForDeploymentPostprocessing = 0;
		};
/* End PBXFrameworksBuildPhase section */

/* Begin PBXGroup section */
		430743C42B9BE5280070FBDC = {
			isa = PBXGroup;
			children = (
				430743CF2B9BE5280070FBDC /* PM5 */,
				430743CE2B9BE5280070FBDC /* Products */,
			);
			sourceTree = "<group>";
		};
		430743CE2B9BE5280070FBDC /* Products */ = {
			isa = PBXGroup;
			children = (
				430743CD2B9BE5280070FBDC /* PM5.app */,
			);
			name = Products;
			sourceTree = "<group>";
		};
		430743CF2B9BE5280070FBDC /* PM5 */ = {
			isa = PBXGroup;
			children = (
				4367FCE62B9BF8B200AF22F1 /* PM5.entitlements */,
				430743D22B9BE5280070FBDC /* ContentView.swift */,
				430743E32B9BE5B80070FBDC /* InitiativeDetailView.swift */,
				430743E52B9BE5CC0070FBDC /* InitiativeView.swift */,
				430743ED2B9BE61D0070FBDC /* TaskNoteLinkViews */,
				430743E02B9BE57B0070FBDC /* Data */,
				430743D62B9BE5290070FBDC /* Assets.xcassets */,
				430743D82B9BE5290070FBDC /* Preview Content */,
			);
			path = PM5;
			sourceTree = "<group>";
		};
		430743D82B9BE5290070FBDC /* Preview Content */ = {
			isa = PBXGroup;
			children = (
				430743D92B9BE5290070FBDC /* Preview Assets.xcassets */,
			);
			path = "Preview Content";
			sourceTree = "<group>";
		};
		430743E02B9BE57B0070FBDC /* Data */ = {
			isa = PBXGroup;
			children = (
				430743D42B9BE5280070FBDC /* Model.swift */,
				430743E12B9BE58C0070FBDC /* Utility.swift */,
				430743D02B9BE5280070FBDC /* PM5App.swift */,
			);
			path = Data;
			sourceTree = "<group>";
		};
		430743ED2B9BE61D0070FBDC /* TaskNoteLinkViews */ = {
			isa = PBXGroup;
			children = (
				430743E72B9BE5E70070FBDC /* TaskView.swift */,
				430743E92B9BE5FB0070FBDC /* NoteView.swift */,
				430743EB2B9BE6100070FBDC /* LinkView.swift */,
			);
			path = TaskNoteLinkViews;
			sourceTree = "<group>";
		};
/* End PBXGroup section */

/* Begin PBXNativeTarget section */
		430743CC2B9BE5280070FBDC /* PM5 */ = {
			isa = PBXNativeTarget;
			buildConfigurationList = 430743DD2B9BE5290070FBDC /* Build configuration list for PBXNativeTarget "PM5" */;
			buildPhases = (
				430743C92B9BE5280070FBDC /* Sources */,
				430743CA2B9BE5280070FBDC /* Frameworks */,
				430743CB2B9BE5280070FBDC /* Resources */,
			);
			buildRules = (
			);
			dependencies = (
			);
			name = PM5;
			productName = PM5;
			productReference = 430743CD2B9BE5280070FBDC /* PM5.app */;
			productType = "com.apple.product-type.application";
		};
/* End PBXNativeTarget section */

/* Begin PBXProject section */
		430743C52B9BE5280070FBDC /* Project object */ = {
			isa = PBXProject;
			attributes = {
				BuildIndependentTargetsInParallel = 1;
				LastSwiftUpdateCheck = 1530;
				LastUpgradeCheck = 1530;
				TargetAttributes = {
					430743CC2B9BE5280070FBDC = {
						CreatedOnToolsVersion = 15.3;
					};
				};
			};
			buildConfigurationList = 430743C82B9BE5280070FBDC /* Build configuration list for PBXProject "PM5" */;
			compatibilityVersion = "Xcode 14.0";
			developmentRegion = en;
			hasScannedForEncodings = 0;
			knownRegions = (
				en,
				Base,
			);
			mainGroup = 430743C42B9BE5280070FBDC;
			productRefGroup = 430743CE2B9BE5280070FBDC /* Products */;
			projectDirPath = "";
			projectRoot = "";
			targets = (
				430743CC2B9BE5280070FBDC /* PM5 */,
			);
		};
/* End PBXProject section */

/* Begin PBXResourcesBuildPhase section */
		430743CB2B9BE5280070FBDC /* Resources */ = {
			isa = PBXResourcesBuildPhase;
			buildActionMask = 2147483647;
			files = (
				430743DA2B9BE5290070FBDC /* Preview Assets.xcassets in Resources */,
				430743D72B9BE5290070FBDC /* Assets.xcassets in Resources */,
			);
			runOnlyForDeploymentPostprocessing = 0;
		};
/* End PBXResourcesBuildPhase section */

/* Begin PBXSourcesBuildPhase section */
		430743C92B9BE5280070FBDC /* Sources */ = {
			isa = PBXSourcesBuildPhase;
			buildActionMask = 2147483647;
			files = (
				430743E22B9BE58C0070FBDC /* Utility.swift in Sources */,
				430743E82B9BE5E70070FBDC /* TaskView.swift in Sources */,
				430743EA2B9BE5FB0070FBDC /* NoteView.swift in Sources */,
				430743D32B9BE5280070FBDC /* ContentView.swift in Sources */,
				430743E62B9BE5CC0070FBDC /* InitiativeView.swift in Sources */,
				430743E42B9BE5B80070FBDC /* InitiativeDetailView.swift in Sources */,
				430743D52B9BE5280070FBDC /* Model.swift in Sources */,
				430743EC2B9BE6100070FBDC /* LinkView.swift in Sources */,
				430743D12B9BE5280070FBDC /* PM5App.swift in Sources */,
			);
			runOnlyForDeploymentPostprocessing = 0;
		};
/* End PBXSourcesBuildPhase section */

/* Begin XCBuildConfiguration section */
		430743DB2B9BE5290070FBDC /* Debug */ = {
			isa = XCBuildConfiguration;
			buildSettings = {
				ALWAYS_SEARCH_USER_PATHS = NO;
				ASSETCATALOG_COMPILER_GENERATE_SWIFT_ASSET_SYMBOL_EXTENSIONS = YES;
				CLANG_ANALYZER_NONNULL = YES;
				CLANG_ANALYZER_NUMBER_OBJECT_CONVERSION = YES_AGGRESSIVE;
				CLANG_CXX_LANGUAGE_STANDARD = "gnu++20";
				CLANG_ENABLE_MODULES = YES;
				CLANG_ENABLE_OBJC_ARC = YES;
				CLANG_ENABLE_OBJC_WEAK = YES;
				CLANG_WARN_BLOCK_CAPTURE_AUTORELEASING = YES;
				CLANG_WARN_BOOL_CONVERSION = YES;
				CLANG_WARN_COMMA = YES;
				CLANG_WARN_CONSTANT_CONVERSION = YES;
				CLANG_WARN_DEPRECATED_OBJC_IMPLEMENTATIONS = YES;
				CLANG_WARN_DIRECT_OBJC_ISA_USAGE = YES_ERROR;
				CLANG_WARN_DOCUMENTATION_COMMENTS = YES;
				CLANG_WARN_EMPTY_BODY = YES;
				CLANG_WARN_ENUM_CONVERSION = YES;
				CLANG_WARN_INFINITE_RECURSION = YES;
				CLANG_WARN_INT_CONVERSION = YES;
				CLANG_WARN_NON_LITERAL_NULL_CONVERSION = YES;
				CLANG_WARN_OBJC_IMPLICIT_RETAIN_SELF = YES;
				CLANG_WARN_OBJC_LITERAL_CONVERSION = YES;
				CLANG_WARN_OBJC_ROOT_CLASS = YES_ERROR;
				CLANG_WARN_QUOTED_INCLUDE_IN_FRAMEWORK_HEADER = YES;
				CLANG_WARN_RANGE_LOOP_ANALYSIS = YES;
				CLANG_WARN_STRICT_PROTOTYPES = YES;
				CLANG_WARN_SUSPICIOUS_MOVE = YES;
				CLANG_WARN_UNGUARDED_AVAILABILITY = YES_AGGRESSIVE;
				CLANG_WARN_UNREACHABLE_CODE = YES;
				CLANG_WARN__DUPLICATE_METHOD_MATCH = YES;
				COPY_PHASE_STRIP = NO;
				DEBUG_INFORMATION_FORMAT = dwarf;
				ENABLE_STRICT_OBJC_MSGSEND = YES;
				ENABLE_TESTABILITY = YES;
				ENABLE_USER_SCRIPT_SANDBOXING = YES;
				GCC_C_LANGUAGE_STANDARD = gnu17;
				GCC_DYNAMIC_NO_PIC = NO;
				GCC_NO_COMMON_BLOCKS = YES;
				GCC_OPTIMIZATION_LEVEL = 0;
				GCC_PREPROCESSOR_DEFINITIONS = (
					"DEBUG=1",
					"$(inherited)",
				);
				GCC_WARN_64_TO_32_BIT_CONVERSION = YES;
				GCC_WARN_ABOUT_RETURN_TYPE = YES_ERROR;
				GCC_WARN_UNDECLARED_SELECTOR = YES;
				GCC_WARN_UNINITIALIZED_AUTOS = YES_AGGRESSIVE;
				GCC_WARN_UNUSED_FUNCTION = YES;
				GCC_WARN_UNUSED_VARIABLE = YES;
				IPHONEOS_DEPLOYMENT_TARGET = 17.4;
				LOCALIZATION_PREFERS_STRING_CATALOGS = YES;
				MTL_ENABLE_DEBUG_INFO = INCLUDE_SOURCE;
				MTL_FAST_MATH = YES;
				ONLY_ACTIVE_ARCH = YES;
				SDKROOT = iphoneos;
				SWIFT_ACTIVE_COMPILATION_CONDITIONS = "DEBUG $(inherited)";
				SWIFT_OPTIMIZATION_LEVEL = "-Onone";
			};
			name = Debug;
		};
		430743DC2B9BE5290070FBDC /* Release */ = {
			isa = XCBuildConfiguration;
			buildSettings = {
				ALWAYS_SEARCH_USER_PATHS = NO;
				ASSETCATALOG_COMPILER_GENERATE_SWIFT_ASSET_SYMBOL_EXTENSIONS = YES;
				CLANG_ANALYZER_NONNULL = YES;
				CLANG_ANALYZER_NUMBER_OBJECT_CONVERSION = YES_AGGRESSIVE;
				CLANG_CXX_LANGUAGE_STANDARD = "gnu++20";
				CLANG_ENABLE_MODULES = YES;
				CLANG_ENABLE_OBJC_ARC = YES;
				CLANG_ENABLE_OBJC_WEAK = YES;
				CLANG_WARN_BLOCK_CAPTURE_AUTORELEASING = YES;
				CLANG_WARN_BOOL_CONVERSION = YES;
				CLANG_WARN_COMMA = YES;
				CLANG_WARN_CONSTANT_CONVERSION = YES;
				CLANG_WARN_DEPRECATED_OBJC_IMPLEMENTATIONS = YES;
				CLANG_WARN_DIRECT_OBJC_ISA_USAGE = YES_ERROR;
				CLANG_WARN_DOCUMENTATION_COMMENTS = YES;
				CLANG_WARN_EMPTY_BODY = YES;
				CLANG_WARN_ENUM_CONVERSION = YES;
				CLANG_WARN_INFINITE_RECURSION = YES;
				CLANG_WARN_INT_CONVERSION = YES;
				CLANG_WARN_NON_LITERAL_NULL_CONVERSION = YES;
				CLANG_WARN_OBJC_IMPLICIT_RETAIN_SELF = YES;
				CLANG_WARN_OBJC_LITERAL_CONVERSION = YES;
				CLANG_WARN_OBJC_ROOT_CLASS = YES_ERROR;
				CLANG_WARN_QUOTED_INCLUDE_IN_FRAMEWORK_HEADER = YES;
				CLANG_WARN_RANGE_LOOP_ANALYSIS = YES;
				CLANG_WARN_STRICT_PROTOTYPES = YES;
				CLANG_WARN_SUSPICIOUS_MOVE = YES;
				CLANG_WARN_UNGUARDED_AVAILABILITY = YES_AGGRESSIVE;
				CLANG_WARN_UNREACHABLE_CODE = YES;
				CLANG_WARN__DUPLICATE_METHOD_MATCH = YES;
				COPY_PHASE_STRIP = NO;
				DEBUG_INFORMATION_FORMAT = "dwarf-with-dsym";
				ENABLE_NS_ASSERTIONS = NO;
				ENABLE_STRICT_OBJC_MSGSEND = YES;
				ENABLE_USER_SCRIPT_SANDBOXING = YES;
				GCC_C_LANGUAGE_STANDARD = gnu17;
				GCC_NO_COMMON_BLOCKS = YES;
				GCC_WARN_64_TO_32_BIT_CONVERSION = YES;
				GCC_WARN_ABOUT_RETURN_TYPE = YES_ERROR;
				GCC_WARN_UNDECLARED_SELECTOR = YES;
				GCC_WARN_UNINITIALIZED_AUTOS = YES_AGGRESSIVE;
				GCC_WARN_UNUSED_FUNCTION = YES;
				GCC_WARN_UNUSED_VARIABLE = YES;
				IPHONEOS_DEPLOYMENT_TARGET = 17.4;
				LOCALIZATION_PREFERS_STRING_CATALOGS = YES;
				MTL_ENABLE_DEBUG_INFO = NO;
				MTL_FAST_MATH = YES;
				SDKROOT = iphoneos;
				SWIFT_COMPILATION_MODE = wholemodule;
				VALIDATE_PRODUCT = YES;
			};
			name = Release;
		};
		430743DE2B9BE5290070FBDC /* Debug */ = {
			isa = XCBuildConfiguration;
			buildSettings = {
				ASSETCATALOG_COMPILER_APPICON_NAME = AppIcon;
				ASSETCATALOG_COMPILER_GLOBAL_ACCENT_COLOR_NAME = AccentColor;
				CODE_SIGN_ENTITLEMENTS = PM5/PM5.entitlements;
				CODE_SIGN_STYLE = Automatic;
				CURRENT_PROJECT_VERSION = 1;
				DEVELOPMENT_ASSET_PATHS = "\"PM5/Preview Content\"";
				DEVELOPMENT_TEAM = 5BB8VQ988Q;
				ENABLE_PREVIEWS = YES;
				GENERATE_INFOPLIST_FILE = YES;
				INFOPLIST_KEY_CFBundleDisplayName = "Product Manager 5";
				INFOPLIST_KEY_LSApplicationCategoryType = "public.app-category.utilities";
				INFOPLIST_KEY_UIApplicationSceneManifest_Generation = YES;
				INFOPLIST_KEY_UIApplicationSupportsIndirectInputEvents = YES;
				INFOPLIST_KEY_UILaunchScreen_Generation = YES;
				INFOPLIST_KEY_UISupportedInterfaceOrientations_iPad = "UIInterfaceOrientationPortrait UIInterfaceOrientationPortraitUpsideDown UIInterfaceOrientationLandscapeLeft UIInterfaceOrientationLandscapeRight";
				INFOPLIST_KEY_UISupportedInterfaceOrientations_iPhone = "UIInterfaceOrientationPortrait UIInterfaceOrientationLandscapeLeft UIInterfaceOrientationLandscapeRight";
				IPHONEOS_DEPLOYMENT_TARGET = 17;
				LD_RUNPATH_SEARCH_PATHS = (
					"$(inherited)",
					"@executable_path/Frameworks",
				);
				MARKETING_VERSION = 1.0;
				PRODUCT_BUNDLE_IDENTIFIER = "pulcer.net.Product-Manager-5";
				PRODUCT_NAME = "$(TARGET_NAME)";
				SUPPORTED_PLATFORMS = "iphoneos iphonesimulator";
				SUPPORTS_MACCATALYST = NO;
				SUPPORTS_MAC_DESIGNED_FOR_IPHONE_IPAD = NO;
				SUPPORTS_XR_DESIGNED_FOR_IPHONE_IPAD = NO;
				SWIFT_EMIT_LOC_STRINGS = YES;
				SWIFT_VERSION = 5.0;
				TARGETED_DEVICE_FAMILY = "1,2";
			};
			name = Debug;
		};
		430743DF2B9BE5290070FBDC /* Release */ = {
			isa = XCBuildConfiguration;
			buildSettings = {
				ASSETCATALOG_COMPILER_APPICON_NAME = AppIcon;
				ASSETCATALOG_COMPILER_GLOBAL_ACCENT_COLOR_NAME = AccentColor;
				CODE_SIGN_ENTITLEMENTS = PM5/PM5.entitlements;
				CODE_SIGN_STYLE = Automatic;
				CURRENT_PROJECT_VERSION = 1;
				DEVELOPMENT_ASSET_PATHS = "\"PM5/Preview Content\"";
				DEVELOPMENT_TEAM = 5BB8VQ988Q;
				ENABLE_PREVIEWS = YES;
				GENERATE_INFOPLIST_FILE = YES;
				INFOPLIST_KEY_CFBundleDisplayName = "Product Manager 5";
				INFOPLIST_KEY_LSApplicationCategoryType = "public.app-category.utilities";
				INFOPLIST_KEY_UIApplicationSceneManifest_Generation = YES;
				INFOPLIST_KEY_UIApplicationSupportsIndirectInputEvents = YES;
				INFOPLIST_KEY_UILaunchScreen_Generation = YES;
				INFOPLIST_KEY_UISupportedInterfaceOrientations_iPad = "UIInterfaceOrientationPortrait UIInterfaceOrientationPortraitUpsideDown UIInterfaceOrientationLandscapeLeft UIInterfaceOrientationLandscapeRight";
				INFOPLIST_KEY_UISupportedInterfaceOrientations_iPhone = "UIInterfaceOrientationPortrait UIInterfaceOrientationLandscapeLeft UIInterfaceOrientationLandscapeRight";
				IPHONEOS_DEPLOYMENT_TARGET = 17;
				LD_RUNPATH_SEARCH_PATHS = (
					"$(inherited)",
					"@executable_path/Frameworks",
				);
				MARKETING_VERSION = 1.0;
				PRODUCT_BUNDLE_IDENTIFIER = "pulcer.net.Product-Manager-5";
				PRODUCT_NAME = "$(TARGET_NAME)";
				SUPPORTED_PLATFORMS = "iphoneos iphonesimulator";
				SUPPORTS_MACCATALYST = NO;
				SUPPORTS_MAC_DESIGNED_FOR_IPHONE_IPAD = NO;
				SUPPORTS_XR_DESIGNED_FOR_IPHONE_IPAD = NO;
				SWIFT_EMIT_LOC_STRINGS = YES;
				SWIFT_VERSION = 5.0;
				TARGETED_DEVICE_FAMILY = "1,2";
			};
			name = Release;
		};
/* End XCBuildConfiguration section */

/* Begin XCConfigurationList section */
		430743C82B9BE5280070FBDC /* Build configuration list for PBXProject "PM5" */ = {
			isa = XCConfigurationList;
			buildConfigurations = (
				430743DB2B9BE5290070FBDC /* Debug */,
				430743DC2B9BE5290070FBDC /* Release */,
			);
			defaultConfigurationIsVisible = 0;
			defaultConfigurationName = Release;
		};
		430743DD2B9BE5290070FBDC /* Build configuration list for PBXNativeTarget "PM5" */ = {
			isa = XCConfigurationList;
			buildConfigurations = (
				430743DE2B9BE5290070FBDC /* Debug */,
				430743DF2B9BE5290070FBDC /* Release */,
			);
			defaultConfigurationIsVisible = 0;
			defaultConfigurationName = Release;
		};
/* End XCConfigurationList section */
	};
	rootObject = 430743C52B9BE5280070FBDC /* Project object */;
}
